
Microsoft Visual Studio Solution File, Format Version 12.00
# Visual Studio 14
VisualStudioVersion = 14.0.25420.1
MinimumVisualStudioVersion = 10.0.40219.1
Project("{FAE04EC0-301F-11D3-BF4B-00C04F79EFBC}") = "SimpleCalculationsLib", "SimpleCalculationsLib\SimpleCalculationsLib.csproj", "{3C6C5C6F-A325-4109-B0DC-ADF770C5F6AC}"
EndProject
Project("{FAE04EC0-301F-11D3-BF4B-00C04F79EFBC}") = "SimpleCalculationsLibTests", "SimpleCalculationsLibTests\SimpleCalculationsLibTests.csproj", "{FAE7DB80-D286-45A8-9A57-4E47759BB4B5}"
EndProject
Project("{2150E333-8FDC-42A3-9474-1A3956D46DE8}") = "Easy", "Easy", "{8BBD6F9E-40F9-45DD-9483-ABE48643679A}"
EndProject
Project("{FAE04EC0-301F-11D3-BF4B-00C04F79EFBC}") = "SlightlyHarderLib", "SlightlyHarderLib\SlightlyHarderLib.csproj", "{AD2B4849-0BCF-453F-8425-75A021F33A08}"
EndProject
Project("{FAE04EC0-301F-11D3-BF4B-00C04F79EFBC}") = "SlightlyHarderLibTests", "SlightlyHarderLibTests\SlightlyHarderLibTests.csproj", "{1F87E9C2-2DE8-4344-84D2-6CEDDE54E7DA}"
EndProject
Project("{2150E333-8FDC-42A3-9474-1A3956D46DE8}") = "SlightlyHarder", "SlightlyHarder", "{483F3E16-27BC-461E-AEED-D9CF762C9C6D}"
EndProject
Project("{FAE04EC0-301F-11D3-BF4B-00C04F79EFBC}") = "WithExtensionsLib", "WithExtensionsLib\WithExtensionsLib.csproj", "{A1BCDFE9-4B94-47B9-8640-C8325BB629DC}"
EndProject
Project("{FAE04EC0-301F-11D3-BF4B-00C04F79EFBC}") = "WithExtensionsLibTests", "WithExtensionsLibTests\WithExtensionsLibTests.csproj", "{B7FA03C8-9E48-4B55-95BA-1A2C1B2FC51C}"
EndProject
Project("{2150E333-8FDC-42A3-9474-1A3956D46DE8}") = "ExtensionMethods", "ExtensionMethods", "{0D5EC5F6-6A1A-4DD5-ACBE-F6048A0C535A}"
EndProject
Global
	GlobalSection(SolutionConfigurationPlatforms) = preSolution
		Debug|Any CPU = Debug|Any CPU
		Release|Any CPU = Release|Any CPU
	EndGlobalSection
	GlobalSection(ProjectConfigurationPlatforms) = postSolution
		{3C6C5C6F-A325-4109-B0DC-ADF770C5F6AC}.Debug|Any CPU.ActiveCfg = Debug|Any CPU
		{3C6C5C6F-A325-4109-B0DC-ADF770C5F6AC}.Debug|Any CPU.Build.0 = Debug|Any CPU
		{3C6C5C6F-A325-4109-B0DC-ADF770C5F6AC}.Release|Any CPU.ActiveCfg = Release|Any CPU
		{3C6C5C6F-A325-4109-B0DC-ADF770C5F6AC}.Release|Any CPU.Build.0 = Release|Any CPU
		{FAE7DB80-D286-45A8-9A57-4E47759BB4B5}.Debug|Any CPU.ActiveCfg = Debug|Any CPU
		{FAE7DB80-D286-45A8-9A57-4E47759BB4B5}.Debug|Any CPU.Build.0 = Debug|Any CPU
		{FAE7DB80-D286-45A8-9A57-4E47759BB4B5}.Release|Any CPU.ActiveCfg = Release|Any CPU
		{FAE7DB80-D286-45A8-9A57-4E47759BB4B5}.Release|Any CPU.Build.0 = Release|Any CPU
		{AD2B4849-0BCF-453F-8425-75A021F33A08}.Debug|Any CPU.ActiveCfg = Debug|Any CPU
		{AD2B4849-0BCF-453F-8425-75A021F33A08}.Debug|Any CPU.Build.0 = Debug|Any CPU
		{AD2B4849-0BCF-453F-8425-75A021F33A08}.Release|Any CPU.ActiveCfg = Release|Any CPU
		{AD2B4849-0BCF-453F-8425-75A021F33A08}.Release|Any CPU.Build.0 = Release|Any CPU
		{1F87E9C2-2DE8-4344-84D2-6CEDDE54E7DA}.Debug|Any CPU.ActiveCfg = Debug|Any CPU
		{1F87E9C2-2DE8-4344-84D2-6CEDDE54E7DA}.Debug|Any CPU.Build.0 = Debug|Any CPU
		{1F87E9C2-2DE8-4344-84D2-6CEDDE54E7DA}.Release|Any CPU.ActiveCfg = Release|Any CPU
		{1F87E9C2-2DE8-4344-84D2-6CEDDE54E7DA}.Release|Any CPU.Build.0 = Release|Any CPU
		{A1BCDFE9-4B94-47B9-8640-C8325BB629DC}.Debug|Any CPU.ActiveCfg = Debug|Any CPU
		{A1BCDFE9-4B94-47B9-8640-C8325BB629DC}.Debug|Any CPU.Build.0 = Debug|Any CPU
		{A1BCDFE9-4B94-47B9-8640-C8325BB629DC}.Release|Any CPU.ActiveCfg = Release|Any CPU
		{A1BCDFE9-4B94-47B9-8640-C8325BB629DC}.Release|Any CPU.Build.0 = Release|Any CPU
		{B7FA03C8-9E48-4B55-95BA-1A2C1B2FC51C}.Debug|Any CPU.ActiveCfg = Debug|Any CPU
		{B7FA03C8-9E48-4B55-95BA-1A2C1B2FC51C}.Debug|Any CPU.Build.0 = Debug|Any CPU
		{B7FA03C8-9E48-4B55-95BA-1A2C1B2FC51C}.Release|Any CPU.ActiveCfg = Release|Any CPU
		{B7FA03C8-9E48-4B55-95BA-1A2C1B2FC51C}.Release|Any CPU.Build.0 = Release|Any CPU
	EndGlobalSection
	GlobalSection(SolutionProperties) = preSolution
		HideSolutionNode = FALSE
	EndGlobalSection
	GlobalSection(NestedProjects) = preSolution
		{3C6C5C6F-A325-4109-B0DC-ADF770C5F6AC} = {8BBD6F9E-40F9-45DD-9483-ABE48643679A}
		{FAE7DB80-D286-45A8-9A57-4E47759BB4B5} = {8BBD6F9E-40F9-45DD-9483-ABE48643679A}
		{AD2B4849-0BCF-453F-8425-75A021F33A08} = {483F3E16-27BC-461E-AEED-D9CF762C9C6D}
		{1F87E9C2-2DE8-4344-84D2-6CEDDE54E7DA} = {483F3E16-27BC-461E-AEED-D9CF762C9C6D}
		{A1BCDFE9-4B94-47B9-8640-C8325BB629DC} = {0D5EC5F6-6A1A-4DD5-ACBE-F6048A0C535A}
		{B7FA03C8-9E48-4B55-95BA-1A2C1B2FC51C} = {0D5EC5F6-6A1A-4DD5-ACBE-F6048A0C535A}
	EndGlobalSection
EndGlobal
