
Microsoft Visual Studio Solution File, Format Version 12.00
# Visual Studio Version 17
VisualStudioVersion = 17.0.32014.148
MinimumVisualStudioVersion = 10.0.40219.1
Project("{9A19103F-16F7-4668-BE54-9A1E7A4F7556}") = "SimpleCalculationsLib", "src\SimpleCalculationsLib\SimpleCalculationsLib.csproj", "{3C6C5C6F-A325-4109-B0DC-ADF770C5F6AC}"
EndProject
Project("{9A19103F-16F7-4668-BE54-9A1E7A4F7556}") = "SimpleCalculationsLibTests", "src\SimpleCalculationsLibTests\SimpleCalculationsLibTests.csproj", "{FAE7DB80-D286-45A8-9A57-4E47759BB4B5}"
EndProject
Project("{2150E333-8FDC-42A3-9474-1A3956D46DE8}") = "Easy", "Easy", "{8BBD6F9E-40F9-45DD-9483-ABE48643679A}"
EndProject
Project("{9A19103F-16F7-4668-BE54-9A1E7A4F7556}") = "SlightlyHarderLib", "src\SlightlyHarderLib\SlightlyHarderLib.csproj", "{AD2B4849-0BCF-453F-8425-75A021F33A08}"
EndProject
Project("{9A19103F-16F7-4668-BE54-9A1E7A4F7556}") = "SlightlyHarderLibTests", "src\SlightlyHarderLibTests\SlightlyHarderLibTests.csproj", "{1F87E9C2-2DE8-4344-84D2-6CEDDE54E7DA}"
EndProject
Project("{2150E333-8FDC-42A3-9474-1A3956D46DE8}") = "SlightlyHarder", "SlightlyHarder", "{483F3E16-27BC-461E-AEED-D9CF762C9C6D}"
EndProject
Project("{9A19103F-16F7-4668-BE54-9A1E7A4F7556}") = "WithExtensionsLib", "src\WithExtensionsLib\WithExtensionsLib.csproj", "{A1BCDFE9-4B94-47B9-8640-C8325BB629DC}"
EndProject
Project("{9A19103F-16F7-4668-BE54-9A1E7A4F7556}") = "WithExtensionsLibTests", "src\WithExtensionsLibTests\WithExtensionsLibTests.csproj", "{B7FA03C8-9E48-4B55-95BA-1A2C1B2FC51C}"
EndProject
Project("{2150E333-8FDC-42A3-9474-1A3956D46DE8}") = "ExtensionMethods", "ExtensionMethods", "{0D5EC5F6-6A1A-4DD5-ACBE-F6048A0C535A}"
EndProject
Project("{9A19103F-16F7-4668-BE54-9A1E7A4F7556}") = "WithInjectableExtensionsLib", "src\WithInjectableExtensionsLib\WithInjectableExtensionsLib.csproj", "{7441C860-2337-4BDE-A4C2-03BFF71D31EA}"
EndProject
Project("{9A19103F-16F7-4668-BE54-9A1E7A4F7556}") = "WithInjectableExtensionsLibTests", "src\WithInjectableExtensionsLibTests\WithInjectableExtensionsLibTests.csproj", "{6DF93820-098D-41B8-86A1-464CBF886A2E}"
EndProject
Project("{2150E333-8FDC-42A3-9474-1A3956D46DE8}") = "src", "src", "{11655921-3A11-4B6D-9524-9F596A45C9A7}"
EndProject
Project("{2150E333-8FDC-42A3-9474-1A3956D46DE8}") = "Solution Items", "Solution Items", "{DB3E9094-2931-4C31-811A-9918F6E5B567}"
	ProjectSection(SolutionItems) = preProject
		.github\workflows\ci.yml = .github\workflows\ci.yml
		readme.md = readme.md
	EndProjectSection
EndProject
Project("{2150E333-8FDC-42A3-9474-1A3956D46DE8}") = "BDD_Testing", "BDD_Testing", "{68A1C35D-87B0-4D48-912C-50D93973894D}"
EndProject
Project("{9A19103F-16F7-4668-BE54-9A1E7A4F7556}") = "BDD_ExampleLib", "src\BDD\BDD_ExampleLib\BDD_ExampleLib.csproj", "{F9AAE571-79AA-4FCD-9609-6459FDB80DF0}"
EndProject
Project("{9A19103F-16F7-4668-BE54-9A1E7A4F7556}") = "BDD_Tests", "src\BDD\BDD_Tests\BDD_Tests.csproj", "{FFEFFC8B-914C-40A1-8A07-4EAA236B4D26}"
EndProject
Project("{FAE04EC0-301F-11D3-BF4B-00C04F79EFBC}") = "BDD_ConsoleApp", "src\BDD\BDD_ConsoleApp\BDD_ConsoleApp\BDD_ConsoleApp.csproj", "{9354FBB0-7FC0-4AE5-A171-E8DE2C4586FB}"
EndProject
Global
	GlobalSection(SolutionConfigurationPlatforms) = preSolution
		Debug|Any CPU = Debug|Any CPU
		Release|Any CPU = Release|Any CPU
	EndGlobalSection
	GlobalSection(ProjectConfigurationPlatforms) = postSolution
		{3C6C5C6F-A325-4109-B0DC-ADF770C5F6AC}.Debug|Any CPU.ActiveCfg = Debug|Any CPU
		{3C6C5C6F-A325-4109-B0DC-ADF770C5F6AC}.Debug|Any CPU.Build.0 = Debug|Any CPU
		{3C6C5C6F-A325-4109-B0DC-ADF770C5F6AC}.Release|Any CPU.ActiveCfg = Release|Any CPU
		{3C6C5C6F-A325-4109-B0DC-ADF770C5F6AC}.Release|Any CPU.Build.0 = Release|Any CPU
		{FAE7DB80-D286-45A8-9A57-4E47759BB4B5}.Debug|Any CPU.ActiveCfg = Debug|Any CPU
		{FAE7DB80-D286-45A8-9A57-4E47759BB4B5}.Debug|Any CPU.Build.0 = Debug|Any CPU
		{FAE7DB80-D286-45A8-9A57-4E47759BB4B5}.Release|Any CPU.ActiveCfg = Release|Any CPU
		{FAE7DB80-D286-45A8-9A57-4E47759BB4B5}.Release|Any CPU.Build.0 = Release|Any CPU
		{AD2B4849-0BCF-453F-8425-75A021F33A08}.Debug|Any CPU.ActiveCfg = Debug|Any CPU
		{AD2B4849-0BCF-453F-8425-75A021F33A08}.Debug|Any CPU.Build.0 = Debug|Any CPU
		{AD2B4849-0BCF-453F-8425-75A021F33A08}.Release|Any CPU.ActiveCfg = Release|Any CPU
		{AD2B4849-0BCF-453F-8425-75A021F33A08}.Release|Any CPU.Build.0 = Release|Any CPU
		{1F87E9C2-2DE8-4344-84D2-6CEDDE54E7DA}.Debug|Any CPU.ActiveCfg = Debug|Any CPU
		{1F87E9C2-2DE8-4344-84D2-6CEDDE54E7DA}.Debug|Any CPU.Build.0 = Debug|Any CPU
		{1F87E9C2-2DE8-4344-84D2-6CEDDE54E7DA}.Release|Any CPU.ActiveCfg = Release|Any CPU
		{1F87E9C2-2DE8-4344-84D2-6CEDDE54E7DA}.Release|Any CPU.Build.0 = Release|Any CPU
		{A1BCDFE9-4B94-47B9-8640-C8325BB629DC}.Debug|Any CPU.ActiveCfg = Debug|Any CPU
		{A1BCDFE9-4B94-47B9-8640-C8325BB629DC}.Debug|Any CPU.Build.0 = Debug|Any CPU
		{A1BCDFE9-4B94-47B9-8640-C8325BB629DC}.Release|Any CPU.ActiveCfg = Release|Any CPU
		{A1BCDFE9-4B94-47B9-8640-C8325BB629DC}.Release|Any CPU.Build.0 = Release|Any CPU
		{B7FA03C8-9E48-4B55-95BA-1A2C1B2FC51C}.Debug|Any CPU.ActiveCfg = Debug|Any CPU
		{B7FA03C8-9E48-4B55-95BA-1A2C1B2FC51C}.Debug|Any CPU.Build.0 = Debug|Any CPU
		{B7FA03C8-9E48-4B55-95BA-1A2C1B2FC51C}.Release|Any CPU.ActiveCfg = Release|Any CPU
		{B7FA03C8-9E48-4B55-95BA-1A2C1B2FC51C}.Release|Any CPU.Build.0 = Release|Any CPU
		{7441C860-2337-4BDE-A4C2-03BFF71D31EA}.Debug|Any CPU.ActiveCfg = Debug|Any CPU
		{7441C860-2337-4BDE-A4C2-03BFF71D31EA}.Debug|Any CPU.Build.0 = Debug|Any CPU
		{7441C860-2337-4BDE-A4C2-03BFF71D31EA}.Release|Any CPU.ActiveCfg = Release|Any CPU
		{7441C860-2337-4BDE-A4C2-03BFF71D31EA}.Release|Any CPU.Build.0 = Release|Any CPU
		{6DF93820-098D-41B8-86A1-464CBF886A2E}.Debug|Any CPU.ActiveCfg = Debug|Any CPU
		{6DF93820-098D-41B8-86A1-464CBF886A2E}.Debug|Any CPU.Build.0 = Debug|Any CPU
		{6DF93820-098D-41B8-86A1-464CBF886A2E}.Release|Any CPU.ActiveCfg = Release|Any CPU
		{6DF93820-098D-41B8-86A1-464CBF886A2E}.Release|Any CPU.Build.0 = Release|Any CPU
		{F9AAE571-79AA-4FCD-9609-6459FDB80DF0}.Debug|Any CPU.ActiveCfg = Debug|Any CPU
		{F9AAE571-79AA-4FCD-9609-6459FDB80DF0}.Debug|Any CPU.Build.0 = Debug|Any CPU
		{F9AAE571-79AA-4FCD-9609-6459FDB80DF0}.Release|Any CPU.ActiveCfg = Release|Any CPU
		{F9AAE571-79AA-4FCD-9609-6459FDB80DF0}.Release|Any CPU.Build.0 = Release|Any CPU
		{FFEFFC8B-914C-40A1-8A07-4EAA236B4D26}.Debug|Any CPU.ActiveCfg = Debug|Any CPU
		{FFEFFC8B-914C-40A1-8A07-4EAA236B4D26}.Debug|Any CPU.Build.0 = Debug|Any CPU
		{FFEFFC8B-914C-40A1-8A07-4EAA236B4D26}.Release|Any CPU.ActiveCfg = Release|Any CPU
		{FFEFFC8B-914C-40A1-8A07-4EAA236B4D26}.Release|Any CPU.Build.0 = Release|Any CPU
		{9354FBB0-7FC0-4AE5-A171-E8DE2C4586FB}.Debug|Any CPU.ActiveCfg = Debug|Any CPU
		{9354FBB0-7FC0-4AE5-A171-E8DE2C4586FB}.Debug|Any CPU.Build.0 = Debug|Any CPU
		{9354FBB0-7FC0-4AE5-A171-E8DE2C4586FB}.Release|Any CPU.ActiveCfg = Release|Any CPU
		{9354FBB0-7FC0-4AE5-A171-E8DE2C4586FB}.Release|Any CPU.Build.0 = Release|Any CPU
	EndGlobalSection
	GlobalSection(SolutionProperties) = preSolution
		HideSolutionNode = FALSE
	EndGlobalSection
	GlobalSection(NestedProjects) = preSolution
		{3C6C5C6F-A325-4109-B0DC-ADF770C5F6AC} = {8BBD6F9E-40F9-45DD-9483-ABE48643679A}
		{FAE7DB80-D286-45A8-9A57-4E47759BB4B5} = {8BBD6F9E-40F9-45DD-9483-ABE48643679A}
		{8BBD6F9E-40F9-45DD-9483-ABE48643679A} = {11655921-3A11-4B6D-9524-9F596A45C9A7}
		{AD2B4849-0BCF-453F-8425-75A021F33A08} = {483F3E16-27BC-461E-AEED-D9CF762C9C6D}
		{1F87E9C2-2DE8-4344-84D2-6CEDDE54E7DA} = {483F3E16-27BC-461E-AEED-D9CF762C9C6D}
		{483F3E16-27BC-461E-AEED-D9CF762C9C6D} = {11655921-3A11-4B6D-9524-9F596A45C9A7}
		{A1BCDFE9-4B94-47B9-8640-C8325BB629DC} = {0D5EC5F6-6A1A-4DD5-ACBE-F6048A0C535A}
		{B7FA03C8-9E48-4B55-95BA-1A2C1B2FC51C} = {0D5EC5F6-6A1A-4DD5-ACBE-F6048A0C535A}
		{0D5EC5F6-6A1A-4DD5-ACBE-F6048A0C535A} = {11655921-3A11-4B6D-9524-9F596A45C9A7}
		{7441C860-2337-4BDE-A4C2-03BFF71D31EA} = {0D5EC5F6-6A1A-4DD5-ACBE-F6048A0C535A}
		{6DF93820-098D-41B8-86A1-464CBF886A2E} = {0D5EC5F6-6A1A-4DD5-ACBE-F6048A0C535A}
		{68A1C35D-87B0-4D48-912C-50D93973894D} = {11655921-3A11-4B6D-9524-9F596A45C9A7}
		{F9AAE571-79AA-4FCD-9609-6459FDB80DF0} = {68A1C35D-87B0-4D48-912C-50D93973894D}
		{FFEFFC8B-914C-40A1-8A07-4EAA236B4D26} = {68A1C35D-87B0-4D48-912C-50D93973894D}
		{9354FBB0-7FC0-4AE5-A171-E8DE2C4586FB} = {68A1C35D-87B0-4D48-912C-50D93973894D}
	EndGlobalSection
	GlobalSection(ExtensibilityGlobals) = postSolution
		SolutionGuid = {4B26F84A-4649-4AC7-B03B-C2A592205F63}
	EndGlobalSection
EndGlobal
